
Microsoft Visual Studio Solution File, Format Version 12.00
# Visual Studio Version 17
VisualStudioVersion = 17.4.33020.496
MinimumVisualStudioVersion = 10.0.40219.1
Project("{FAE04EC0-301F-11D3-BF4B-00C04F79EFBC}") = "ExemploRequiredMembers", "ExemploRequiredMembers.csproj", "{F055BCB0-53F6-4475-8B41-E40FCD1E5020}"
EndProject
Global
	GlobalSection(SolutionConfigurationPlatforms) = preSolution
		Debug|Any CPU = Debug|Any CPU
		Release|Any CPU = Release|Any CPU
	EndGlobalSection
	GlobalSection(ProjectConfigurationPlatforms) = postSolution
		{F055BCB0-53F6-4475-8B41-E40FCD1E5020}.Debug|Any CPU.ActiveCfg = Debug|Any CPU
		{F055BCB0-53F6-4475-8B41-E40FCD1E5020}.Debug|Any CPU.Build.0 = Debug|Any CPU
		{F055BCB0-53F6-4475-8B41-E40FCD1E5020}.Release|Any CPU.ActiveCfg = Release|Any CPU
		{F055BCB0-53F6-4475-8B41-E40FCD1E5020}.Release|Any CPU.Build.0 = Release|Any CPU
	EndGlobalSection
	GlobalSection(SolutionProperties) = preSolution
		HideSolutionNode = FALSE
	EndGlobalSection
	GlobalSection(ExtensibilityGlobals) = postSolution
		SolutionGuid = {79E7143E-742E-4337-9451-488BC9759163}
	EndGlobalSection
EndGlobal
