
Microsoft Visual Studio Solution File, Format Version 12.00
# Visual Studio Version 17
VisualStudioVersion = 17.5.33103.201
MinimumVisualStudioVersion = 10.0.40219.1
Project("{FAE04EC0-301F-11D3-BF4B-00C04F79EFBC}") = "ExemploUtf8", "ExemploUtf8.csproj", "{A25DB92C-978B-409F-9EDA-44E423C7EDEF}"
EndProject
Global
	GlobalSection(SolutionConfigurationPlatforms) = preSolution
		Debug|Any CPU = Debug|Any CPU
		Release|Any CPU = Release|Any CPU
	EndGlobalSection
	GlobalSection(ProjectConfigurationPlatforms) = postSolution
		{A25DB92C-978B-409F-9EDA-44E423C7EDEF}.Debug|Any CPU.ActiveCfg = Debug|Any CPU
		{A25DB92C-978B-409F-9EDA-44E423C7EDEF}.Debug|Any CPU.Build.0 = Debug|Any CPU
		{A25DB92C-978B-409F-9EDA-44E423C7EDEF}.Release|Any CPU.ActiveCfg = Release|Any CPU
		{A25DB92C-978B-409F-9EDA-44E423C7EDEF}.Release|Any CPU.Build.0 = Release|Any CPU
	EndGlobalSection
	GlobalSection(SolutionProperties) = preSolution
		HideSolutionNode = FALSE
	EndGlobalSection
	GlobalSection(ExtensibilityGlobals) = postSolution
		SolutionGuid = {B71D8993-BE3C-4E94-8B1D-764B2E7962AB}
	EndGlobalSection
EndGlobal
