
Microsoft Visual Studio Solution File, Format Version 12.00
# Visual Studio Version 17
VisualStudioVersion = 17.2.32210.308
MinimumVisualStudioVersion = 10.0.40219.1
Project("{FAE04EC0-301F-11D3-BF4B-00C04F79EFBC}") = "ExemploStringInterpolation", "ExemploStringInterpolation.csproj", "{07067B97-6918-411C-8F33-ADE17A5D166F}"
EndProject
Global
	GlobalSection(SolutionConfigurationPlatforms) = preSolution
		Debug|Any CPU = Debug|Any CPU
		Release|Any CPU = Release|Any CPU
	EndGlobalSection
	GlobalSection(ProjectConfigurationPlatforms) = postSolution
		{07067B97-6918-411C-8F33-ADE17A5D166F}.Debug|Any CPU.ActiveCfg = Debug|Any CPU
		{07067B97-6918-411C-8F33-ADE17A5D166F}.Debug|Any CPU.Build.0 = Debug|Any CPU
		{07067B97-6918-411C-8F33-ADE17A5D166F}.Release|Any CPU.ActiveCfg = Release|Any CPU
		{07067B97-6918-411C-8F33-ADE17A5D166F}.Release|Any CPU.Build.0 = Release|Any CPU
	EndGlobalSection
	GlobalSection(SolutionProperties) = preSolution
		HideSolutionNode = FALSE
	EndGlobalSection
	GlobalSection(ExtensibilityGlobals) = postSolution
		SolutionGuid = {DC05C9FC-E582-4E37-948C-D81780B5936B}
	EndGlobalSection
EndGlobal
