
Microsoft Visual Studio Solution File, Format Version 12.00
# Visual Studio Version 17
VisualStudioVersion = 17.5.33312.197
MinimumVisualStudioVersion = 10.0.40219.1
Project("{FAE04EC0-301F-11D3-BF4B-00C04F79EFBC}") = "ExemploGenericAttributes", "ExemploGenericAttributes.csproj", "{A854F25E-B324-4CB4-87B0-82E4FC497F37}"
EndProject
Global
	GlobalSection(SolutionConfigurationPlatforms) = preSolution
		Debug|Any CPU = Debug|Any CPU
		Release|Any CPU = Release|Any CPU
	EndGlobalSection
	GlobalSection(ProjectConfigurationPlatforms) = postSolution
		{A854F25E-B324-4CB4-87B0-82E4FC497F37}.Debug|Any CPU.ActiveCfg = Debug|Any CPU
		{A854F25E-B324-4CB4-87B0-82E4FC497F37}.Debug|Any CPU.Build.0 = Debug|Any CPU
		{A854F25E-B324-4CB4-87B0-82E4FC497F37}.Release|Any CPU.ActiveCfg = Release|Any CPU
		{A854F25E-B324-4CB4-87B0-82E4FC497F37}.Release|Any CPU.Build.0 = Release|Any CPU
	EndGlobalSection
	GlobalSection(SolutionProperties) = preSolution
		HideSolutionNode = FALSE
	EndGlobalSection
	GlobalSection(ExtensibilityGlobals) = postSolution
		SolutionGuid = {47CCEECC-C98A-4B5B-9063-E6122FE4B008}
	EndGlobalSection
EndGlobal
